
Microsoft Visual Studio Solution File, Format Version 12.00
# Visual Studio Version 17
VisualStudioVersion = 17.4.33122.133
MinimumVisualStudioVersion = 10.0.40219.1
Project("{9A19103F-16F7-4668-BE54-9A1E7A4F7556}") = "Poc.Microservice", "Poc.Microservice\Poc.Microservice.csproj", "{7C96A4AE-16C7-4421-A2BF-7404825CEDDA}"
EndProject
Global
	GlobalSection(SolutionConfigurationPlatforms) = preSolution
		Debug|Any CPU = Debug|Any CPU
		Release|Any CPU = Release|Any CPU
	EndGlobalSection
	GlobalSection(ProjectConfigurationPlatforms) = postSolution
		{7C96A4AE-16C7-4421-A2BF-7404825CEDDA}.Debug|Any CPU.ActiveCfg = Debug|Any CPU
		{7C96A4AE-16C7-4421-A2BF-7404825CEDDA}.Debug|Any CPU.Build.0 = Debug|Any CPU
		{7C96A4AE-16C7-4421-A2BF-7404825CEDDA}.Release|Any CPU.ActiveCfg = Release|Any CPU
		{7C96A4AE-16C7-4421-A2BF-7404825CEDDA}.Release|Any CPU.Build.0 = Release|Any CPU
	EndGlobalSection
	GlobalSection(SolutionProperties) = preSolution
		HideSolutionNode = FALSE
	EndGlobalSection
	GlobalSection(ExtensibilityGlobals) = postSolution
		SolutionGuid = {A9600D0C-BF8E-4956-B82D-5F22E980E2E9}
	EndGlobalSection
EndGlobal
